
Microsoft Visual Studio Solution File, Format Version 12.00
# Visual Studio Version 16
VisualStudioVersion = 16.0.30309.148
MinimumVisualStudioVersion = 10.0.40219.1
Project("{FAE04EC0-301F-11D3-BF4B-00C04F79EFBC}") = "Part 1 Basics", "Part 1 Basics.csproj", "{67833894-31EF-439C-86BA-418A18246F3E}"
EndProject
Global
	GlobalSection(SolutionConfigurationPlatforms) = preSolution
		Debug|Any CPU = Debug|Any CPU
		Release|Any CPU = Release|Any CPU
	EndGlobalSection
	GlobalSection(ProjectConfigurationPlatforms) = postSolution
		{67833894-31EF-439C-86BA-418A18246F3E}.Debug|Any CPU.ActiveCfg = Debug|Any CPU
		{67833894-31EF-439C-86BA-418A18246F3E}.Debug|Any CPU.Build.0 = Debug|Any CPU
		{67833894-31EF-439C-86BA-418A18246F3E}.Release|Any CPU.ActiveCfg = Release|Any CPU
		{67833894-31EF-439C-86BA-418A18246F3E}.Release|Any CPU.Build.0 = Release|Any CPU
	EndGlobalSection
	GlobalSection(SolutionProperties) = preSolution
		HideSolutionNode = FALSE
	EndGlobalSection
	GlobalSection(ExtensibilityGlobals) = postSolution
		SolutionGuid = {B3BAE065-51BD-4A87-80C8-7991AB4B0A71}
	EndGlobalSection
EndGlobal
