
Microsoft Visual Studio Solution File, Format Version 12.00
# Visual Studio Version 16
VisualStudioVersion = 16.0.30309.148
MinimumVisualStudioVersion = 10.0.40219.1
Project("{FAE04EC0-301F-11D3-BF4B-00C04F79EFBC}") = "Part 1", "Part 1.csproj", "{A46D8DDF-FB28-4675-AA49-D6A122F58A02}"
EndProject
Global
	GlobalSection(SolutionConfigurationPlatforms) = preSolution
		Debug|Any CPU = Debug|Any CPU
		Release|Any CPU = Release|Any CPU
	EndGlobalSection
	GlobalSection(ProjectConfigurationPlatforms) = postSolution
		{A46D8DDF-FB28-4675-AA49-D6A122F58A02}.Debug|Any CPU.ActiveCfg = Debug|Any CPU
		{A46D8DDF-FB28-4675-AA49-D6A122F58A02}.Debug|Any CPU.Build.0 = Debug|Any CPU
		{A46D8DDF-FB28-4675-AA49-D6A122F58A02}.Release|Any CPU.ActiveCfg = Release|Any CPU
		{A46D8DDF-FB28-4675-AA49-D6A122F58A02}.Release|Any CPU.Build.0 = Release|Any CPU
	EndGlobalSection
	GlobalSection(SolutionProperties) = preSolution
		HideSolutionNode = FALSE
	EndGlobalSection
	GlobalSection(ExtensibilityGlobals) = postSolution
		SolutionGuid = {26818732-CAFB-4060-AF6D-A813CE05FEB7}
	EndGlobalSection
EndGlobal
